
Microsoft Visual Studio Solution File, Format Version 12.00
# Visual Studio Version 17
VisualStudioVersion = 17.7.34202.233
MinimumVisualStudioVersion = 10.0.40219.1
Project("{FAE04EC0-301F-11D3-BF4B-00C04F79EFBC}") = "BlackJack", "BlackJack\BlackJack.csproj", "{4D8B0B71-3C60-4038-A33F-1589749681C2}"
EndProject
Global
	GlobalSection(SolutionConfigurationPlatforms) = preSolution
		Debug|Any CPU = Debug|Any CPU
		Release|Any CPU = Release|Any CPU
	EndGlobalSection
	GlobalSection(ProjectConfigurationPlatforms) = postSolution
		{4D8B0B71-3C60-4038-A33F-1589749681C2}.Debug|Any CPU.ActiveCfg = Debug|Any CPU
		{4D8B0B71-3C60-4038-A33F-1589749681C2}.Debug|Any CPU.Build.0 = Debug|Any CPU
		{4D8B0B71-3C60-4038-A33F-1589749681C2}.Release|Any CPU.ActiveCfg = Release|Any CPU
		{4D8B0B71-3C60-4038-A33F-1589749681C2}.Release|Any CPU.Build.0 = Release|Any CPU
	EndGlobalSection
	GlobalSection(SolutionProperties) = preSolution
		HideSolutionNode = FALSE
	EndGlobalSection
	GlobalSection(ExtensibilityGlobals) = postSolution
		SolutionGuid = {36F89CB1-D3C3-4F48-942B-5CB3540D7B5A}
	EndGlobalSection
EndGlobal
